
Microsoft Visual Studio Solution File, Format Version 12.00
# Visual Studio 15
VisualStudioVersion = 15.0.26228.9
MinimumVisualStudioVersion = 10.0.40219.1
Project("{9A19103F-16F7-4668-BE54-9A1E7A4F7556}") = "Mixer.Net", "src\Mixer.Net\Mixer.Net.csproj", "{5C709CEF-37B9-4133-B05D-4ECFB1D742A8}"
EndProject
Project("{FAE04EC0-301F-11D3-BF4B-00C04F79EFBC}") = "Mixer.Net.Core", "src\Mixer.Net.Core\Mixer.Net.Core.csproj", "{2163D9C4-23E8-4F7A-A712-1D6D37171219}"
EndProject
Project("{FAE04EC0-301F-11D3-BF4B-00C04F79EFBC}") = "Mixer.Net.Rest", "src\Mixer.Net.Rest\Mixer.Net.Rest.csproj", "{82A4CF40-4B06-4AA2-A2B0-C0A51C7B229E}"
EndProject
Project("{2150E333-8FDC-42A3-9474-1A3956D46DE8}") = "tests", "tests", "{78250BA1-1DBA-402C-9029-B3ACCCBCE79E}"
EndProject
Project("{FAE04EC0-301F-11D3-BF4B-00C04F79EFBC}") = "Mixer.Net.Tests", "tests\Mixer.Net.Tests\Mixer.Net.Tests.csproj", "{C3485864-D559-423D-8592-4CCC82B8AF86}"
EndProject
Global
	GlobalSection(SolutionConfigurationPlatforms) = preSolution
		Debug|Any CPU = Debug|Any CPU
		Release|Any CPU = Release|Any CPU
	EndGlobalSection
	GlobalSection(ProjectConfigurationPlatforms) = postSolution
		{5C709CEF-37B9-4133-B05D-4ECFB1D742A8}.Debug|Any CPU.ActiveCfg = Debug|Any CPU
		{5C709CEF-37B9-4133-B05D-4ECFB1D742A8}.Debug|Any CPU.Build.0 = Debug|Any CPU
		{5C709CEF-37B9-4133-B05D-4ECFB1D742A8}.Release|Any CPU.ActiveCfg = Release|Any CPU
		{5C709CEF-37B9-4133-B05D-4ECFB1D742A8}.Release|Any CPU.Build.0 = Release|Any CPU
		{2163D9C4-23E8-4F7A-A712-1D6D37171219}.Debug|Any CPU.ActiveCfg = Debug|Any CPU
		{2163D9C4-23E8-4F7A-A712-1D6D37171219}.Debug|Any CPU.Build.0 = Debug|Any CPU
		{2163D9C4-23E8-4F7A-A712-1D6D37171219}.Release|Any CPU.ActiveCfg = Release|Any CPU
		{2163D9C4-23E8-4F7A-A712-1D6D37171219}.Release|Any CPU.Build.0 = Release|Any CPU
		{82A4CF40-4B06-4AA2-A2B0-C0A51C7B229E}.Debug|Any CPU.ActiveCfg = Debug|Any CPU
		{82A4CF40-4B06-4AA2-A2B0-C0A51C7B229E}.Debug|Any CPU.Build.0 = Debug|Any CPU
		{82A4CF40-4B06-4AA2-A2B0-C0A51C7B229E}.Release|Any CPU.ActiveCfg = Release|Any CPU
		{82A4CF40-4B06-4AA2-A2B0-C0A51C7B229E}.Release|Any CPU.Build.0 = Release|Any CPU
		{C3485864-D559-423D-8592-4CCC82B8AF86}.Debug|Any CPU.ActiveCfg = Debug|Any CPU
		{C3485864-D559-423D-8592-4CCC82B8AF86}.Debug|Any CPU.Build.0 = Debug|Any CPU
		{C3485864-D559-423D-8592-4CCC82B8AF86}.Release|Any CPU.ActiveCfg = Release|Any CPU
		{C3485864-D559-423D-8592-4CCC82B8AF86}.Release|Any CPU.Build.0 = Release|Any CPU
	EndGlobalSection
	GlobalSection(SolutionProperties) = preSolution
		HideSolutionNode = FALSE
	EndGlobalSection
	GlobalSection(NestedProjects) = preSolution
		{C3485864-D559-423D-8592-4CCC82B8AF86} = {78250BA1-1DBA-402C-9029-B3ACCCBCE79E}
	EndGlobalSection
EndGlobal
